
Microsoft Visual Studio Solution File, Format Version 12.00
# Visual Studio Version 17
VisualStudioVersion = 17.5.002.0
MinimumVisualStudioVersion = 10.0.40219.1
Project("{9A19103F-16F7-4668-BE54-9A1E7A4F7556}") = "GameScoringAPI", "GameScoringAPI.csproj", "{782AB577-6870-4820-97AC-BEA1F5414987}"
EndProject
Global
	GlobalSection(SolutionConfigurationPlatforms) = preSolution
		Debug|Any CPU = Debug|Any CPU
		Release|Any CPU = Release|Any CPU
	EndGlobalSection
	GlobalSection(ProjectConfigurationPlatforms) = postSolution
		{782AB577-6870-4820-97AC-BEA1F5414987}.Debug|Any CPU.ActiveCfg = Debug|Any CPU
		{782AB577-6870-4820-97AC-BEA1F5414987}.Debug|Any CPU.Build.0 = Debug|Any CPU
		{782AB577-6870-4820-97AC-BEA1F5414987}.Release|Any CPU.ActiveCfg = Release|Any CPU
		{782AB577-6870-4820-97AC-BEA1F5414987}.Release|Any CPU.Build.0 = Release|Any CPU
	EndGlobalSection
	GlobalSection(SolutionProperties) = preSolution
		HideSolutionNode = FALSE
	EndGlobalSection
	GlobalSection(ExtensibilityGlobals) = postSolution
		SolutionGuid = {996AA448-D3D5-4053-84BB-556C0B4963BE}
	EndGlobalSection
EndGlobal
